
Microsoft Visual Studio Solution File, Format Version 12.00
# Visual Studio Version 17
VisualStudioVersion = 17.3.32804.467
MinimumVisualStudioVersion = 10.0.40219.1
Project("{FAE04EC0-301F-11D3-BF4B-00C04F79EFBC}") = "Booky Store", "Booky Store\Booky Store.csproj", "{89B6DACF-30AE-44D3-B168-7B64B10C9783}"
EndProject
Global
	GlobalSection(SolutionConfigurationPlatforms) = preSolution
		Debug|Any CPU = Debug|Any CPU
		Release|Any CPU = Release|Any CPU
	EndGlobalSection
	GlobalSection(ProjectConfigurationPlatforms) = postSolution
		{89B6DACF-30AE-44D3-B168-7B64B10C9783}.Debug|Any CPU.ActiveCfg = Debug|Any CPU
		{89B6DACF-30AE-44D3-B168-7B64B10C9783}.Debug|Any CPU.Build.0 = Debug|Any CPU
		{89B6DACF-30AE-44D3-B168-7B64B10C9783}.Release|Any CPU.ActiveCfg = Release|Any CPU
		{89B6DACF-30AE-44D3-B168-7B64B10C9783}.Release|Any CPU.Build.0 = Release|Any CPU
	EndGlobalSection
	GlobalSection(SolutionProperties) = preSolution
		HideSolutionNode = FALSE
	EndGlobalSection
	GlobalSection(ExtensibilityGlobals) = postSolution
		SolutionGuid = {16DAD64D-1C83-4694-B21D-5F3AB3E5A3D4}
	EndGlobalSection
EndGlobal
